
Microsoft Visual Studio Solution File, Format Version 12.00
# Visual Studio Version 17
VisualStudioVersion = 17.14.36623.8
MinimumVisualStudioVersion = 10.0.40219.1
Project("{FAE04EC0-301F-11D3-BF4B-00C04F79EFBC}") = "DVLD_PresentationLayer", "DVLD 3\DVLD_PresentationLayer.csproj", "{A3C96A33-8B32-4862-B53B-A1803B7F473A}"
EndProject
Project("{FAE04EC0-301F-11D3-BF4B-00C04F79EFBC}") = "DVLD_BusienessLayer", "DVLD_BusienessLayer\DVLD_BusienessLayer.csproj", "{3956BA9D-CD17-46DF-B2A4-CFAC252A80B5}"
EndProject
Project("{FAE04EC0-301F-11D3-BF4B-00C04F79EFBC}") = "DVLD_DataAccessLayer", "DVLD_DataAccessLayer\DVLD_DataAccessLayer.csproj", "{9EC91D69-B22A-495F-A7C6-BA27469983E7}"
EndProject
Global
	GlobalSection(SolutionConfigurationPlatforms) = preSolution
		Debug|Any CPU = Debug|Any CPU
		Release|Any CPU = Release|Any CPU
	EndGlobalSection
	GlobalSection(ProjectConfigurationPlatforms) = postSolution
		{A3C96A33-8B32-4862-B53B-A1803B7F473A}.Debug|Any CPU.ActiveCfg = Debug|Any CPU
		{A3C96A33-8B32-4862-B53B-A1803B7F473A}.Debug|Any CPU.Build.0 = Debug|Any CPU
		{A3C96A33-8B32-4862-B53B-A1803B7F473A}.Release|Any CPU.ActiveCfg = Release|Any CPU
		{A3C96A33-8B32-4862-B53B-A1803B7F473A}.Release|Any CPU.Build.0 = Release|Any CPU
		{3956BA9D-CD17-46DF-B2A4-CFAC252A80B5}.Debug|Any CPU.ActiveCfg = Debug|Any CPU
		{3956BA9D-CD17-46DF-B2A4-CFAC252A80B5}.Debug|Any CPU.Build.0 = Debug|Any CPU
		{3956BA9D-CD17-46DF-B2A4-CFAC252A80B5}.Release|Any CPU.ActiveCfg = Release|Any CPU
		{3956BA9D-CD17-46DF-B2A4-CFAC252A80B5}.Release|Any CPU.Build.0 = Release|Any CPU
		{9EC91D69-B22A-495F-A7C6-BA27469983E7}.Debug|Any CPU.ActiveCfg = Debug|Any CPU
		{9EC91D69-B22A-495F-A7C6-BA27469983E7}.Debug|Any CPU.Build.0 = Debug|Any CPU
		{9EC91D69-B22A-495F-A7C6-BA27469983E7}.Release|Any CPU.ActiveCfg = Release|Any CPU
		{9EC91D69-B22A-495F-A7C6-BA27469983E7}.Release|Any CPU.Build.0 = Release|Any CPU
	EndGlobalSection
	GlobalSection(SolutionProperties) = preSolution
		HideSolutionNode = FALSE
	EndGlobalSection
	GlobalSection(ExtensibilityGlobals) = postSolution
		SolutionGuid = {C9B1AE94-6E2C-4F74-A844-A0A672572764}
	EndGlobalSection
EndGlobal
